
Microsoft Visual Studio Solution File, Format Version 12.00
# Visual Studio 15
VisualStudioVersion = 15.0.26430.13
MinimumVisualStudioVersion = 10.0.40219.1
Project("{2150E333-8FDC-42A3-9474-1A3956D46DE8}") = "src", "src", "{AE3E98DB-35C1-42D8-AB6D-DE37189DDAA1}"
EndProject
Project("{2150E333-8FDC-42A3-9474-1A3956D46DE8}") = "Solution Items", "Solution Items", "{1D26002E-3D0A-47FC-A1F7-BC56D11EC5BF}"
	ProjectSection(SolutionItems) = preProject
		global.json = global.json
	EndProjectSection
EndProject
Project("{2150E333-8FDC-42A3-9474-1A3956D46DE8}") = "1 - Presentation", "1 - Presentation", "{9340B0E0-D3D9-4917-B0AA-093A95183265}"
EndProject
Project("{2150E333-8FDC-42A3-9474-1A3956D46DE8}") = "3 - Application", "3 - Application", "{8941C48B-849B-4625-B5F8-0EF567135BC0}"
EndProject
Project("{2150E333-8FDC-42A3-9474-1A3956D46DE8}") = "4 - Domain", "4 - Domain", "{988F2F26-89C2-4C44-B1BB-42C394832A4E}"
EndProject
Project("{2150E333-8FDC-42A3-9474-1A3956D46DE8}") = "5 - Infra", "5 - Infra", "{04CCC7F8-8AF7-4965-B2EF-2E28331BE421}"
EndProject
Project("{2150E333-8FDC-42A3-9474-1A3956D46DE8}") = "5.1 - Data", "5.1 - Data", "{DCCD4FD6-B437-4586-B932-7AC40EF86A71}"
EndProject
Project("{2150E333-8FDC-42A3-9474-1A3956D46DE8}") = "5.2 - CrossCutting", "5.2 - CrossCutting", "{68258835-A222-468B-84F5-441AD58BCD51}"
EndProject
Project("{9A19103F-16F7-4668-BE54-9A1E7A4F7556}") = "Equinox.UI.Site", "src\Equinox.UI.Site\Equinox.UI.Site.csproj", "{E38E811D-9A10-41EF-A245-907A71C79ACB}"
EndProject
Project("{9A19103F-16F7-4668-BE54-9A1E7A4F7556}") = "Equinox.Domain", "src\Equinox.Domain\Equinox.Domain.csproj", "{906E381B-85D8-4AEC-9DD0-48F4117FDD9D}"
EndProject
Project("{9A19103F-16F7-4668-BE54-9A1E7A4F7556}") = "Equinox.Application", "src\Equinox.Application\Equinox.Application.csproj", "{8EA27390-8455-48EA-ABCB-881272BCE68A}"
EndProject
Project("{9A19103F-16F7-4668-BE54-9A1E7A4F7556}") = "Equinox.Infra.Data", "src\Equinox.Infra.Data\Equinox.Infra.Data.csproj", "{3701E4D6-A057-49F4-9872-2CAD0487452C}"
EndProject
Project("{9A19103F-16F7-4668-BE54-9A1E7A4F7556}") = "Equinox.Infra.CrossCutting.Identity", "src\Equinox.Infra.CrossCutting.Identity\Equinox.Infra.CrossCutting.Identity.csproj", "{37C44A01-20FE-4B09-8435-47164F08C0C8}"
EndProject
Project("{9A19103F-16F7-4668-BE54-9A1E7A4F7556}") = "Equinox.Infra.CrossCutting.IoC", "src\Equinox.Infra.CrossCutting.IoC\Equinox.Infra.CrossCutting.IoC.csproj", "{9330566C-4093-4FC7-AF61-14850DD15793}"
EndProject
Project("{9A19103F-16F7-4668-BE54-9A1E7A4F7556}") = "Equinox.Domain.Core", "src\Equinox.Domain.Core\Equinox.Domain.Core.csproj", "{A9CB4A5C-DCF4-4F87-83C2-2D6A34C6E2BA}"
EndProject
Project("{9A19103F-16F7-4668-BE54-9A1E7A4F7556}") = "Equinox.Infra.CrossCutting.Bus", "src\Equinox.Infra.CrossCutting.Bus\Equinox.Infra.CrossCutting.Bus.csproj", "{7C9495CE-AEC5-44CB-9D9C-1150DF99F817}"
EndProject
Project("{9A19103F-16F7-4668-BE54-9A1E7A4F7556}") = "Equinox.WebApi", "src\Equinox.WebApi\Equinox.WebApi.csproj", "{918C9F92-CA9C-4481-9AFA-8DD5A1A810D3}"
EndProject
Project("{2150E333-8FDC-42A3-9474-1A3956D46DE8}") = "2 - Services", "2 - Services", "{A5EBFB52-C5C5-4F98-B441-E48DA9CA5744}"
EndProject
Global
	GlobalSection(SolutionConfigurationPlatforms) = preSolution
		Debug|Any CPU = Debug|Any CPU
		Release|Any CPU = Release|Any CPU
	EndGlobalSection
	GlobalSection(ProjectConfigurationPlatforms) = postSolution
		{E38E811D-9A10-41EF-A245-907A71C79ACB}.Debug|Any CPU.ActiveCfg = Debug|Any CPU
		{E38E811D-9A10-41EF-A245-907A71C79ACB}.Debug|Any CPU.Build.0 = Debug|Any CPU
		{E38E811D-9A10-41EF-A245-907A71C79ACB}.Release|Any CPU.ActiveCfg = Release|Any CPU
		{E38E811D-9A10-41EF-A245-907A71C79ACB}.Release|Any CPU.Build.0 = Release|Any CPU
		{906E381B-85D8-4AEC-9DD0-48F4117FDD9D}.Debug|Any CPU.ActiveCfg = Debug|Any CPU
		{906E381B-85D8-4AEC-9DD0-48F4117FDD9D}.Debug|Any CPU.Build.0 = Debug|Any CPU
		{906E381B-85D8-4AEC-9DD0-48F4117FDD9D}.Release|Any CPU.ActiveCfg = Release|Any CPU
		{906E381B-85D8-4AEC-9DD0-48F4117FDD9D}.Release|Any CPU.Build.0 = Release|Any CPU
		{8EA27390-8455-48EA-ABCB-881272BCE68A}.Debug|Any CPU.ActiveCfg = Debug|Any CPU
		{8EA27390-8455-48EA-ABCB-881272BCE68A}.Debug|Any CPU.Build.0 = Debug|Any CPU
		{8EA27390-8455-48EA-ABCB-881272BCE68A}.Release|Any CPU.ActiveCfg = Release|Any CPU
		{8EA27390-8455-48EA-ABCB-881272BCE68A}.Release|Any CPU.Build.0 = Release|Any CPU
		{3701E4D6-A057-49F4-9872-2CAD0487452C}.Debug|Any CPU.ActiveCfg = Debug|Any CPU
		{3701E4D6-A057-49F4-9872-2CAD0487452C}.Debug|Any CPU.Build.0 = Debug|Any CPU
		{3701E4D6-A057-49F4-9872-2CAD0487452C}.Release|Any CPU.ActiveCfg = Release|Any CPU
		{3701E4D6-A057-49F4-9872-2CAD0487452C}.Release|Any CPU.Build.0 = Release|Any CPU
		{37C44A01-20FE-4B09-8435-47164F08C0C8}.Debug|Any CPU.ActiveCfg = Debug|Any CPU
		{37C44A01-20FE-4B09-8435-47164F08C0C8}.Debug|Any CPU.Build.0 = Debug|Any CPU
		{37C44A01-20FE-4B09-8435-47164F08C0C8}.Release|Any CPU.ActiveCfg = Release|Any CPU
		{37C44A01-20FE-4B09-8435-47164F08C0C8}.Release|Any CPU.Build.0 = Release|Any CPU
		{9330566C-4093-4FC7-AF61-14850DD15793}.Debug|Any CPU.ActiveCfg = Debug|Any CPU
		{9330566C-4093-4FC7-AF61-14850DD15793}.Debug|Any CPU.Build.0 = Debug|Any CPU
		{9330566C-4093-4FC7-AF61-14850DD15793}.Release|Any CPU.ActiveCfg = Release|Any CPU
		{9330566C-4093-4FC7-AF61-14850DD15793}.Release|Any CPU.Build.0 = Release|Any CPU
		{A9CB4A5C-DCF4-4F87-83C2-2D6A34C6E2BA}.Debug|Any CPU.ActiveCfg = Debug|Any CPU
		{A9CB4A5C-DCF4-4F87-83C2-2D6A34C6E2BA}.Debug|Any CPU.Build.0 = Debug|Any CPU
		{A9CB4A5C-DCF4-4F87-83C2-2D6A34C6E2BA}.Release|Any CPU.ActiveCfg = Release|Any CPU
		{A9CB4A5C-DCF4-4F87-83C2-2D6A34C6E2BA}.Release|Any CPU.Build.0 = Release|Any CPU
		{7C9495CE-AEC5-44CB-9D9C-1150DF99F817}.Debug|Any CPU.ActiveCfg = Debug|Any CPU
		{7C9495CE-AEC5-44CB-9D9C-1150DF99F817}.Debug|Any CPU.Build.0 = Debug|Any CPU
		{7C9495CE-AEC5-44CB-9D9C-1150DF99F817}.Release|Any CPU.ActiveCfg = Release|Any CPU
		{7C9495CE-AEC5-44CB-9D9C-1150DF99F817}.Release|Any CPU.Build.0 = Release|Any CPU
		{918C9F92-CA9C-4481-9AFA-8DD5A1A810D3}.Debug|Any CPU.ActiveCfg = Debug|Any CPU
		{918C9F92-CA9C-4481-9AFA-8DD5A1A810D3}.Debug|Any CPU.Build.0 = Debug|Any CPU
		{918C9F92-CA9C-4481-9AFA-8DD5A1A810D3}.Release|Any CPU.ActiveCfg = Release|Any CPU
		{918C9F92-CA9C-4481-9AFA-8DD5A1A810D3}.Release|Any CPU.Build.0 = Release|Any CPU
	EndGlobalSection
	GlobalSection(SolutionProperties) = preSolution
		HideSolutionNode = FALSE
	EndGlobalSection
	GlobalSection(NestedProjects) = preSolution
		{9340B0E0-D3D9-4917-B0AA-093A95183265} = {AE3E98DB-35C1-42D8-AB6D-DE37189DDAA1}
		{8941C48B-849B-4625-B5F8-0EF567135BC0} = {AE3E98DB-35C1-42D8-AB6D-DE37189DDAA1}
		{988F2F26-89C2-4C44-B1BB-42C394832A4E} = {AE3E98DB-35C1-42D8-AB6D-DE37189DDAA1}
		{04CCC7F8-8AF7-4965-B2EF-2E28331BE421} = {AE3E98DB-35C1-42D8-AB6D-DE37189DDAA1}
		{DCCD4FD6-B437-4586-B932-7AC40EF86A71} = {04CCC7F8-8AF7-4965-B2EF-2E28331BE421}
		{68258835-A222-468B-84F5-441AD58BCD51} = {04CCC7F8-8AF7-4965-B2EF-2E28331BE421}
		{E38E811D-9A10-41EF-A245-907A71C79ACB} = {9340B0E0-D3D9-4917-B0AA-093A95183265}
		{906E381B-85D8-4AEC-9DD0-48F4117FDD9D} = {988F2F26-89C2-4C44-B1BB-42C394832A4E}
		{8EA27390-8455-48EA-ABCB-881272BCE68A} = {8941C48B-849B-4625-B5F8-0EF567135BC0}
		{3701E4D6-A057-49F4-9872-2CAD0487452C} = {DCCD4FD6-B437-4586-B932-7AC40EF86A71}
		{37C44A01-20FE-4B09-8435-47164F08C0C8} = {68258835-A222-468B-84F5-441AD58BCD51}
		{9330566C-4093-4FC7-AF61-14850DD15793} = {68258835-A222-468B-84F5-441AD58BCD51}
		{A9CB4A5C-DCF4-4F87-83C2-2D6A34C6E2BA} = {988F2F26-89C2-4C44-B1BB-42C394832A4E}
		{7C9495CE-AEC5-44CB-9D9C-1150DF99F817} = {68258835-A222-468B-84F5-441AD58BCD51}
		{918C9F92-CA9C-4481-9AFA-8DD5A1A810D3} = {A5EBFB52-C5C5-4F98-B441-E48DA9CA5744}
		{A5EBFB52-C5C5-4F98-B441-E48DA9CA5744} = {AE3E98DB-35C1-42D8-AB6D-DE37189DDAA1}
	EndGlobalSection
EndGlobal
